// !$*UTF8*$!
{
	archiveVersion = 1;
	classes = {
	};
	objectVersion = 77;
	objects = {

/* Begin PBXBuildFile section */
		342F95502DB80A1900883780 /* Realtime in Frameworks */ = {isa = PBXBuildFile; productRef = 342F954F2DB80A1900883780 /* Realtime */; };
/* End PBXBuildFile section */

/* Begin PBXContainerItemProxy section */
		342F95322DB809CD00883780 /* PBXContainerItemProxy */ = {
			isa = PBXContainerItemProxy;
			containerPortal = 342F951C2DB809CA00883780 /* Project object */;
			proxyType = 1;
			remoteGlobalIDString = 342F95232DB809CA00883780;
			remoteInfo = RelayDemo;
		};
		342F953C2DB809CD00883780 /* PBXContainerItemProxy */ = {
			isa = PBXContainerItemProxy;
			containerPortal = 342F951C2DB809CA00883780 /* Project object */;
			proxyType = 1;
			remoteGlobalIDString = 342F95232DB809CA00883780;
			remoteInfo = RelayDemo;
		};
/* End PBXContainerItemProxy section */

/* Begin PBXFileReference section */
		342F95242DB809CA00883780 /* RelayDemo.app */ = {isa = PBXFileReference; explicitFileType = wrapper.application; includeInIndex = 0; path = RelayDemo.app; sourceTree = BUILT_PRODUCTS_DIR; };
		342F95312DB809CD00883780 /* RelayDemoTests.xctest */ = {isa = PBXFileReference; explicitFileType = wrapper.cfbundle; includeInIndex = 0; path = RelayDemoTests.xctest; sourceTree = BUILT_PRODUCTS_DIR; };
		342F953B2DB809CD00883780 /* RelayDemoUITests.xctest */ = {isa = PBXFileReference; explicitFileType = wrapper.cfbundle; includeInIndex = 0; path = RelayDemoUITests.xctest; sourceTree = BUILT_PRODUCTS_DIR; };
/* End PBXFileReference section */

/* Begin PBXFileSystemSynchronizedBuildFileExceptionSet section */
		342F96EC2DBA70CF00883780 /* Exceptions for "RelayDemo" folder in "RelayDemo" target */ = {
			isa = PBXFileSystemSynchronizedBuildFileExceptionSet;
			membershipExceptions = (
				Info.plist,
			);
			target = 342F95232DB809CA00883780 /* RelayDemo */;
		};
/* End PBXFileSystemSynchronizedBuildFileExceptionSet section */

/* Begin PBXFileSystemSynchronizedRootGroup section */
		342F95262DB809CA00883780 /* RelayDemo */ = {
			isa = PBXFileSystemSynchronizedRootGroup;
			exceptions = (
				342F96EC2DBA70CF00883780 /* Exceptions for "RelayDemo" folder in "RelayDemo" target */,
			);
			path = RelayDemo;
			sourceTree = "<group>";
		};
		342F95342DB809CD00883780 /* RelayDemoTests */ = {
			isa = PBXFileSystemSynchronizedRootGroup;
			path = RelayDemoTests;
			sourceTree = "<group>";
		};
		342F953E2DB809CD00883780 /* RelayDemoUITests */ = {
			isa = PBXFileSystemSynchronizedRootGroup;
			path = RelayDemoUITests;
			sourceTree = "<group>";
		};
/* End PBXFileSystemSynchronizedRootGroup section */

/* Begin PBXFrameworksBuildPhase section */
		342F95212DB809CA00883780 /* Frameworks */ = {
			isa = PBXFrameworksBuildPhase;
			buildActionMask = 2147483647;
			files = (
				342F95502DB80A1900883780 /* Realtime in Frameworks */,
			);
			runOnlyForDeploymentPostprocessing = 0;
		};
		342F952E2DB809CD00883780 /* Frameworks */ = {
			isa = PBXFrameworksBuildPhase;
			buildActionMask = 2147483647;
			files = (
			);
			runOnlyForDeploymentPostprocessing = 0;
		};
		342F95382DB809CD00883780 /* Frameworks */ = {
			isa = PBXFrameworksBuildPhase;
			buildActionMask = 2147483647;
			files = (
			);
			runOnlyForDeploymentPostprocessing = 0;
		};
/* End PBXFrameworksBuildPhase section */

/* Begin PBXGroup section */
		342F951B2DB809CA00883780 = {
			isa = PBXGroup;
			children = (
				342F95262DB809CA00883780 /* RelayDemo */,
				342F95342DB809CD00883780 /* RelayDemoTests */,
				342F953E2DB809CD00883780 /* RelayDemoUITests */,
				342F95252DB809CA00883780 /* Products */,
			);
			sourceTree = "<group>";
		};
		342F95252DB809CA00883780 /* Products */ = {
			isa = PBXGroup;
			children = (
				342F95242DB809CA00883780 /* RelayDemo.app */,
				342F95312DB809CD00883780 /* RelayDemoTests.xctest */,
				342F953B2DB809CD00883780 /* RelayDemoUITests.xctest */,
			);
			name = Products;
			sourceTree = "<group>";
		};
/* End PBXGroup section */

/* Begin PBXNativeTarget section */
		342F95232DB809CA00883780 /* RelayDemo */ = {
			isa = PBXNativeTarget;
			buildConfigurationList = 342F95452DB809CD00883780 /* Build configuration list for PBXNativeTarget "RelayDemo" */;
			buildPhases = (
				342F95202DB809CA00883780 /* Sources */,
				342F95212DB809CA00883780 /* Frameworks */,
				342F95222DB809CA00883780 /* Resources */,
			);
			buildRules = (
			);
			dependencies = (
			);
			fileSystemSynchronizedGroups = (
				342F95262DB809CA00883780 /* RelayDemo */,
			);
			name = RelayDemo;
			packageProductDependencies = (
				342F954F2DB80A1900883780 /* Realtime */,
			);
			productName = RelayDemo;
			productReference = 342F95242DB809CA00883780 /* RelayDemo.app */;
			productType = "com.apple.product-type.application";
		};
		342F95302DB809CD00883780 /* RelayDemoTests */ = {
			isa = PBXNativeTarget;
			buildConfigurationList = 342F95482DB809CD00883780 /* Build configuration list for PBXNativeTarget "RelayDemoTests" */;
			buildPhases = (
				342F952D2DB809CD00883780 /* Sources */,
				342F952E2DB809CD00883780 /* Frameworks */,
				342F952F2DB809CD00883780 /* Resources */,
			);
			buildRules = (
			);
			dependencies = (
				342F95332DB809CD00883780 /* PBXTargetDependency */,
			);
			fileSystemSynchronizedGroups = (
				342F95342DB809CD00883780 /* RelayDemoTests */,
			);
			name = RelayDemoTests;
			packageProductDependencies = (
			);
			productName = RelayDemoTests;
			productReference = 342F95312DB809CD00883780 /* RelayDemoTests.xctest */;
			productType = "com.apple.product-type.bundle.unit-test";
		};
		342F953A2DB809CD00883780 /* RelayDemoUITests */ = {
			isa = PBXNativeTarget;
			buildConfigurationList = 342F954B2DB809CD00883780 /* Build configuration list for PBXNativeTarget "RelayDemoUITests" */;
			buildPhases = (
				342F95372DB809CD00883780 /* Sources */,
				342F95382DB809CD00883780 /* Frameworks */,
				342F95392DB809CD00883780 /* Resources */,
			);
			buildRules = (
			);
			dependencies = (
				342F953D2DB809CD00883780 /* PBXTargetDependency */,
			);
			fileSystemSynchronizedGroups = (
				342F953E2DB809CD00883780 /* RelayDemoUITests */,
			);
			name = RelayDemoUITests;
			packageProductDependencies = (
			);
			productName = RelayDemoUITests;
			productReference = 342F953B2DB809CD00883780 /* RelayDemoUITests.xctest */;
			productType = "com.apple.product-type.bundle.ui-testing";
		};
/* End PBXNativeTarget section */

/* Begin PBXProject section */
		342F951C2DB809CA00883780 /* Project object */ = {
			isa = PBXProject;
			attributes = {
				BuildIndependentTargetsInParallel = 1;
				LastSwiftUpdateCheck = 1630;
				LastUpgradeCheck = 1630;
				TargetAttributes = {
					342F95232DB809CA00883780 = {
						CreatedOnToolsVersion = 16.3;
					};
					342F95302DB809CD00883780 = {
						CreatedOnToolsVersion = 16.3;
						TestTargetID = 342F95232DB809CA00883780;
					};
					342F953A2DB809CD00883780 = {
						CreatedOnToolsVersion = 16.3;
						TestTargetID = 342F95232DB809CA00883780;
					};
				};
			};
			buildConfigurationList = 342F951F2DB809CA00883780 /* Build configuration list for PBXProject "RelayDemo" */;
			developmentRegion = en;
			hasScannedForEncodings = 0;
			knownRegions = (
				en,
				Base,
			);
			mainGroup = 342F951B2DB809CA00883780;
			minimizedProjectReferenceProxies = 1;
			packageReferences = (
				342F956D2DB8B51000883780 /* XCLocalSwiftPackageReference "../../Realtime" */,
			);
			preferredProjectObjectVersion = 77;
			productRefGroup = 342F95252DB809CA00883780 /* Products */;
			projectDirPath = "";
			projectRoot = "";
			targets = (
				342F95232DB809CA00883780 /* RelayDemo */,
				342F95302DB809CD00883780 /* RelayDemoTests */,
				342F953A2DB809CD00883780 /* RelayDemoUITests */,
			);
		};
/* End PBXProject section */

/* Begin PBXResourcesBuildPhase section */
		342F95222DB809CA00883780 /* Resources */ = {
			isa = PBXResourcesBuildPhase;
			buildActionMask = 2147483647;
			files = (
			);
			runOnlyForDeploymentPostprocessing = 0;
		};
		342F952F2DB809CD00883780 /* Resources */ = {
			isa = PBXResourcesBuildPhase;
			buildActionMask = 2147483647;
			files = (
			);
			runOnlyForDeploymentPostprocessing = 0;
		};
		342F95392DB809CD00883780 /* Resources */ = {
			isa = PBXResourcesBuildPhase;
			buildActionMask = 2147483647;
			files = (
			);
			runOnlyForDeploymentPostprocessing = 0;
		};
/* End PBXResourcesBuildPhase section */

/* Begin PBXSourcesBuildPhase section */
		342F95202DB809CA00883780 /* Sources */ = {
			isa = PBXSourcesBuildPhase;
			buildActionMask = 2147483647;
			files = (
			);
			runOnlyForDeploymentPostprocessing = 0;
		};
		342F952D2DB809CD00883780 /* Sources */ = {
			isa = PBXSourcesBuildPhase;
			buildActionMask = 2147483647;
			files = (
			);
			runOnlyForDeploymentPostprocessing = 0;
		};
		342F95372DB809CD00883780 /* Sources */ = {
			isa = PBXSourcesBuildPhase;
			buildActionMask = 2147483647;
			files = (
			);
			runOnlyForDeploymentPostprocessing = 0;
		};
/* End PBXSourcesBuildPhase section */

/* Begin PBXTargetDependency section */
		342F95332DB809CD00883780 /* PBXTargetDependency */ = {
			isa = PBXTargetDependency;
			target = 342F95232DB809CA00883780 /* RelayDemo */;
			targetProxy = 342F95322DB809CD00883780 /* PBXContainerItemProxy */;
		};
		342F953D2DB809CD00883780 /* PBXTargetDependency */ = {
			isa = PBXTargetDependency;
			target = 342F95232DB809CA00883780 /* RelayDemo */;
			targetProxy = 342F953C2DB809CD00883780 /* PBXContainerItemProxy */;
		};
/* End PBXTargetDependency section */

/* Begin XCBuildConfiguration section */
		342F95432DB809CD00883780 /* Debug */ = {
			isa = XCBuildConfiguration;
			buildSettings = {
				ALWAYS_SEARCH_USER_PATHS = NO;
				ASSETCATALOG_COMPILER_GENERATE_SWIFT_ASSET_SYMBOL_EXTENSIONS = YES;
				CLANG_ANALYZER_NONNULL = YES;
				CLANG_ANALYZER_NUMBER_OBJECT_CONVERSION = YES_AGGRESSIVE;
				CLANG_CXX_LANGUAGE_STANDARD = "gnu++20";
				CLANG_ENABLE_MODULES = YES;
				CLANG_ENABLE_OBJC_ARC = YES;
				CLANG_ENABLE_OBJC_WEAK = YES;
				CLANG_WARN_BLOCK_CAPTURE_AUTORELEASING = YES;
				CLANG_WARN_BOOL_CONVERSION = YES;
				CLANG_WARN_COMMA = YES;
				CLANG_WARN_CONSTANT_CONVERSION = YES;
				CLANG_WARN_DEPRECATED_OBJC_IMPLEMENTATIONS = YES;
				CLANG_WARN_DIRECT_OBJC_ISA_USAGE = YES_ERROR;
				CLANG_WARN_DOCUMENTATION_COMMENTS = YES;
				CLANG_WARN_EMPTY_BODY = YES;
				CLANG_WARN_ENUM_CONVERSION = YES;
				CLANG_WARN_INFINITE_RECURSION = YES;
				CLANG_WARN_INT_CONVERSION = YES;
				CLANG_WARN_NON_LITERAL_NULL_CONVERSION = YES;
				CLANG_WARN_OBJC_IMPLICIT_RETAIN_SELF = YES;
				CLANG_WARN_OBJC_LITERAL_CONVERSION = YES;
				CLANG_WARN_OBJC_ROOT_CLASS = YES_ERROR;
				CLANG_WARN_QUOTED_INCLUDE_IN_FRAMEWORK_HEADER = YES;
				CLANG_WARN_RANGE_LOOP_ANALYSIS = YES;
				CLANG_WARN_STRICT_PROTOTYPES = YES;
				CLANG_WARN_SUSPICIOUS_MOVE = YES;
				CLANG_WARN_UNGUARDED_AVAILABILITY = YES_AGGRESSIVE;
				CLANG_WARN_UNREACHABLE_CODE = YES;
				CLANG_WARN__DUPLICATE_METHOD_MATCH = YES;
				COPY_PHASE_STRIP = NO;
				DEBUG_INFORMATION_FORMAT = dwarf;
				DEVELOPMENT_TEAM = 4V6HY9M86Z;
				ENABLE_STRICT_OBJC_MSGSEND = YES;
				ENABLE_TESTABILITY = YES;
				ENABLE_USER_SCRIPT_SANDBOXING = YES;
				GCC_C_LANGUAGE_STANDARD = gnu17;
				GCC_DYNAMIC_NO_PIC = NO;
				GCC_NO_COMMON_BLOCKS = YES;
				GCC_OPTIMIZATION_LEVEL = 0;
				GCC_PREPROCESSOR_DEFINITIONS = (
					"DEBUG=1",
					"$(inherited)",
				);
				GCC_WARN_64_TO_32_BIT_CONVERSION = YES;
				GCC_WARN_ABOUT_RETURN_TYPE = YES_ERROR;
				GCC_WARN_UNDECLARED_SELECTOR = YES;
				GCC_WARN_UNINITIALIZED_AUTOS = YES_AGGRESSIVE;
				GCC_WARN_UNUSED_FUNCTION = YES;
				GCC_WARN_UNUSED_VARIABLE = YES;
				IPHONEOS_DEPLOYMENT_TARGET = 18.4;
				LOCALIZATION_PREFERS_STRING_CATALOGS = YES;
				MTL_ENABLE_DEBUG_INFO = INCLUDE_SOURCE;
				MTL_FAST_MATH = YES;
				ONLY_ACTIVE_ARCH = YES;
				SDKROOT = iphoneos;
				SWIFT_ACTIVE_COMPILATION_CONDITIONS = "DEBUG $(inherited)";
				SWIFT_OPTIMIZATION_LEVEL = "-Onone";
			};
			name = Debug;
		};
		342F95442DB809CD00883780 /* Release */ = {
			isa = XCBuildConfiguration;
			buildSettings = {
				ALWAYS_SEARCH_USER_PATHS = NO;
				ASSETCATALOG_COMPILER_GENERATE_SWIFT_ASSET_SYMBOL_EXTENSIONS = YES;
				CLANG_ANALYZER_NONNULL = YES;
				CLANG_ANALYZER_NUMBER_OBJECT_CONVERSION = YES_AGGRESSIVE;
				CLANG_CXX_LANGUAGE_STANDARD = "gnu++20";
				CLANG_ENABLE_MODULES = YES;
				CLANG_ENABLE_OBJC_ARC = YES;
				CLANG_ENABLE_OBJC_WEAK = YES;
				CLANG_WARN_BLOCK_CAPTURE_AUTORELEASING = YES;
				CLANG_WARN_BOOL_CONVERSION = YES;
				CLANG_WARN_COMMA = YES;
				CLANG_WARN_CONSTANT_CONVERSION = YES;
				CLANG_WARN_DEPRECATED_OBJC_IMPLEMENTATIONS = YES;
				CLANG_WARN_DIRECT_OBJC_ISA_USAGE = YES_ERROR;
				CLANG_WARN_DOCUMENTATION_COMMENTS = YES;
				CLANG_WARN_EMPTY_BODY = YES;
				CLANG_WARN_ENUM_CONVERSION = YES;
				CLANG_WARN_INFINITE_RECURSION = YES;
				CLANG_WARN_INT_CONVERSION = YES;
				CLANG_WARN_NON_LITERAL_NULL_CONVERSION = YES;
				CLANG_WARN_OBJC_IMPLICIT_RETAIN_SELF = YES;
				CLANG_WARN_OBJC_LITERAL_CONVERSION = YES;
				CLANG_WARN_OBJC_ROOT_CLASS = YES_ERROR;
				CLANG_WARN_QUOTED_INCLUDE_IN_FRAMEWORK_HEADER = YES;
				CLANG_WARN_RANGE_LOOP_ANALYSIS = YES;
				CLANG_WARN_STRICT_PROTOTYPES = YES;
				CLANG_WARN_SUSPICIOUS_MOVE = YES;
				CLANG_WARN_UNGUARDED_AVAILABILITY = YES_AGGRESSIVE;
				CLANG_WARN_UNREACHABLE_CODE = YES;
				CLANG_WARN__DUPLICATE_METHOD_MATCH = YES;
				COPY_PHASE_STRIP = NO;
				DEBUG_INFORMATION_FORMAT = "dwarf-with-dsym";
				DEVELOPMENT_TEAM = 4V6HY9M86Z;
				ENABLE_NS_ASSERTIONS = NO;
				ENABLE_STRICT_OBJC_MSGSEND = YES;
				ENABLE_USER_SCRIPT_SANDBOXING = YES;
				GCC_C_LANGUAGE_STANDARD = gnu17;
				GCC_NO_COMMON_BLOCKS = YES;
				GCC_WARN_64_TO_32_BIT_CONVERSION = YES;
				GCC_WARN_ABOUT_RETURN_TYPE = YES_ERROR;
				GCC_WARN_UNDECLARED_SELECTOR = YES;
				GCC_WARN_UNINITIALIZED_AUTOS = YES_AGGRESSIVE;
				GCC_WARN_UNUSED_FUNCTION = YES;
				GCC_WARN_UNUSED_VARIABLE = YES;
				IPHONEOS_DEPLOYMENT_TARGET = 18.4;
				LOCALIZATION_PREFERS_STRING_CATALOGS = YES;
				MTL_ENABLE_DEBUG_INFO = NO;
				MTL_FAST_MATH = YES;
				SDKROOT = iphoneos;
				SWIFT_COMPILATION_MODE = wholemodule;
				VALIDATE_PRODUCT = YES;
			};
			name = Release;
		};
		342F95462DB809CD00883780 /* Debug */ = {
			isa = XCBuildConfiguration;
			buildSettings = {
				ASSETCATALOG_COMPILER_APPICON_NAME = AppIcon;
				ASSETCATALOG_COMPILER_GLOBAL_ACCENT_COLOR_NAME = AccentColor;
				CODE_SIGN_STYLE = Automatic;
				CURRENT_PROJECT_VERSION = 1;
				DEVELOPMENT_TEAM = 4V6HY9M86Z;
				ENABLE_PREVIEWS = YES;
				GENERATE_INFOPLIST_FILE = YES;
				INFOPLIST_FILE = RelayDemo/Info.plist;
				INFOPLIST_KEY_UIApplicationSceneManifest_Generation = YES;
				INFOPLIST_KEY_UIApplicationSupportsIndirectInputEvents = YES;
				INFOPLIST_KEY_UILaunchScreen_Generation = YES;
				INFOPLIST_KEY_UISupportedInterfaceOrientations_iPad = "UIInterfaceOrientationPortrait UIInterfaceOrientationPortraitUpsideDown UIInterfaceOrientationLandscapeLeft UIInterfaceOrientationLandscapeRight";
				INFOPLIST_KEY_UISupportedInterfaceOrientations_iPhone = "UIInterfaceOrientationPortrait UIInterfaceOrientationLandscapeLeft UIInterfaceOrientationLandscapeRight";
				LD_RUNPATH_SEARCH_PATHS = (
					"$(inherited)",
					"@executable_path/Frameworks",
				);
				MARKETING_VERSION = 1.0;
				PRODUCT_BUNDLE_IDENTIFIER = com.skillhub.RelayDemo;
				PRODUCT_NAME = "$(TARGET_NAME)";
				SWIFT_EMIT_LOC_STRINGS = YES;
				SWIFT_VERSION = 5.0;
				TARGETED_DEVICE_FAMILY = "1,2";
			};
			name = Debug;
		};
		342F95472DB809CD00883780 /* Release */ = {
			isa = XCBuildConfiguration;
			buildSettings = {
				ASSETCATALOG_COMPILER_APPICON_NAME = AppIcon;
				ASSETCATALOG_COMPILER_GLOBAL_ACCENT_COLOR_NAME = AccentColor;
				CODE_SIGN_STYLE = Automatic;
				CURRENT_PROJECT_VERSION = 1;
				DEVELOPMENT_TEAM = 4V6HY9M86Z;
				ENABLE_PREVIEWS = YES;
				GENERATE_INFOPLIST_FILE = YES;
				INFOPLIST_FILE = RelayDemo/Info.plist;
				INFOPLIST_KEY_UIApplicationSceneManifest_Generation = YES;
				INFOPLIST_KEY_UIApplicationSupportsIndirectInputEvents = YES;
				INFOPLIST_KEY_UILaunchScreen_Generation = YES;
				INFOPLIST_KEY_UISupportedInterfaceOrientations_iPad = "UIInterfaceOrientationPortrait UIInterfaceOrientationPortraitUpsideDown UIInterfaceOrientationLandscapeLeft UIInterfaceOrientationLandscapeRight";
				INFOPLIST_KEY_UISupportedInterfaceOrientations_iPhone = "UIInterfaceOrientationPortrait UIInterfaceOrientationLandscapeLeft UIInterfaceOrientationLandscapeRight";
				LD_RUNPATH_SEARCH_PATHS = (
					"$(inherited)",
					"@executable_path/Frameworks",
				);
				MARKETING_VERSION = 1.0;
				PRODUCT_BUNDLE_IDENTIFIER = com.skillhub.RelayDemo;
				PRODUCT_NAME = "$(TARGET_NAME)";
				SWIFT_EMIT_LOC_STRINGS = YES;
				SWIFT_VERSION = 5.0;
				TARGETED_DEVICE_FAMILY = "1,2";
			};
			name = Release;
		};
		342F95492DB809CD00883780 /* Debug */ = {
			isa = XCBuildConfiguration;
			buildSettings = {
				BUNDLE_LOADER = "$(TEST_HOST)";
				CODE_SIGN_STYLE = Automatic;
				CURRENT_PROJECT_VERSION = 1;
				DEVELOPMENT_TEAM = 4V6HY9M86Z;
				GENERATE_INFOPLIST_FILE = YES;
				IPHONEOS_DEPLOYMENT_TARGET = 18.4;
				MARKETING_VERSION = 1.0;
				PRODUCT_BUNDLE_IDENTIFIER = com.skillhub.RelayDemoTests;
				PRODUCT_NAME = "$(TARGET_NAME)";
				SWIFT_EMIT_LOC_STRINGS = NO;
				SWIFT_VERSION = 5.0;
				TARGETED_DEVICE_FAMILY = "1,2";
				TEST_HOST = "$(BUILT_PRODUCTS_DIR)/RelayDemo.app/$(BUNDLE_EXECUTABLE_FOLDER_PATH)/RelayDemo";
			};
			name = Debug;
		};
		342F954A2DB809CD00883780 /* Release */ = {
			isa = XCBuildConfiguration;
			buildSettings = {
				BUNDLE_LOADER = "$(TEST_HOST)";
				CODE_SIGN_STYLE = Automatic;
				CURRENT_PROJECT_VERSION = 1;
				DEVELOPMENT_TEAM = 4V6HY9M86Z;
				GENERATE_INFOPLIST_FILE = YES;
				IPHONEOS_DEPLOYMENT_TARGET = 18.4;
				MARKETING_VERSION = 1.0;
				PRODUCT_BUNDLE_IDENTIFIER = com.skillhub.RelayDemoTests;
				PRODUCT_NAME = "$(TARGET_NAME)";
				SWIFT_EMIT_LOC_STRINGS = NO;
				SWIFT_VERSION = 5.0;
				TARGETED_DEVICE_FAMILY = "1,2";
				TEST_HOST = "$(BUILT_PRODUCTS_DIR)/RelayDemo.app/$(BUNDLE_EXECUTABLE_FOLDER_PATH)/RelayDemo";
			};
			name = Release;
		};
		342F954C2DB809CD00883780 /* Debug */ = {
			isa = XCBuildConfiguration;
			buildSettings = {
				CODE_SIGN_STYLE = Automatic;
				CURRENT_PROJECT_VERSION = 1;
				DEVELOPMENT_TEAM = 4V6HY9M86Z;
				GENERATE_INFOPLIST_FILE = YES;
				MARKETING_VERSION = 1.0;
				PRODUCT_BUNDLE_IDENTIFIER = com.skillhub.RelayDemoUITests;
				PRODUCT_NAME = "$(TARGET_NAME)";
				SWIFT_EMIT_LOC_STRINGS = NO;
				SWIFT_VERSION = 5.0;
				TARGETED_DEVICE_FAMILY = "1,2";
				TEST_TARGET_NAME = RelayDemo;
			};
			name = Debug;
		};
		342F954D2DB809CD00883780 /* Release */ = {
			isa = XCBuildConfiguration;
			buildSettings = {
				CODE_SIGN_STYLE = Automatic;
				CURRENT_PROJECT_VERSION = 1;
				DEVELOPMENT_TEAM = 4V6HY9M86Z;
				GENERATE_INFOPLIST_FILE = YES;
				MARKETING_VERSION = 1.0;
				PRODUCT_BUNDLE_IDENTIFIER = com.skillhub.RelayDemoUITests;
				PRODUCT_NAME = "$(TARGET_NAME)";
				SWIFT_EMIT_LOC_STRINGS = NO;
				SWIFT_VERSION = 5.0;
				TARGETED_DEVICE_FAMILY = "1,2";
				TEST_TARGET_NAME = RelayDemo;
			};
			name = Release;
		};
/* End XCBuildConfiguration section */

/* Begin XCConfigurationList section */
		342F951F2DB809CA00883780 /* Build configuration list for PBXProject "RelayDemo" */ = {
			isa = XCConfigurationList;
			buildConfigurations = (
				342F95432DB809CD00883780 /* Debug */,
				342F95442DB809CD00883780 /* Release */,
			);
			defaultConfigurationIsVisible = 0;
			defaultConfigurationName = Release;
		};
		342F95452DB809CD00883780 /* Build configuration list for PBXNativeTarget "RelayDemo" */ = {
			isa = XCConfigurationList;
			buildConfigurations = (
				342F95462DB809CD00883780 /* Debug */,
				342F95472DB809CD00883780 /* Release */,
			);
			defaultConfigurationIsVisible = 0;
			defaultConfigurationName = Release;
		};
		342F95482DB809CD00883780 /* Build configuration list for PBXNativeTarget "RelayDemoTests" */ = {
			isa = XCConfigurationList;
			buildConfigurations = (
				342F95492DB809CD00883780 /* Debug */,
				342F954A2DB809CD00883780 /* Release */,
			);
			defaultConfigurationIsVisible = 0;
			defaultConfigurationName = Release;
		};
		342F954B2DB809CD00883780 /* Build configuration list for PBXNativeTarget "RelayDemoUITests" */ = {
			isa = XCConfigurationList;
			buildConfigurations = (
				342F954C2DB809CD00883780 /* Debug */,
				342F954D2DB809CD00883780 /* Release */,
			);
			defaultConfigurationIsVisible = 0;
			defaultConfigurationName = Release;
		};
/* End XCConfigurationList section */

/* Begin XCLocalSwiftPackageReference section */
		342F956D2DB8B51000883780 /* XCLocalSwiftPackageReference "../../Realtime" */ = {
			isa = XCLocalSwiftPackageReference;
			relativePath = ../../Realtime;
		};
/* End XCLocalSwiftPackageReference section */

/* Begin XCSwiftPackageProductDependency section */
		342F954F2DB80A1900883780 /* Realtime */ = {
			isa = XCSwiftPackageProductDependency;
			productName = Realtime;
		};
/* End XCSwiftPackageProductDependency section */
	};
	rootObject = 342F951C2DB809CA00883780 /* Project object */;
}
